
Microsoft Visual Studio Solution File, Format Version 12.00
# Visual Studio 15
VisualStudioVersion = 15.0.28307.1082
MinimumVisualStudioVersion = 10.0.40219.1
Project("{FAE04EC0-301F-11D3-BF4B-00C04F79EFBC}") = "formCountryState", "formCountryState\formCountryState.csproj", "{1972C59E-7CF9-4401-8297-D0DF9A03536F}"
EndProject
Global
	GlobalSection(SolutionConfigurationPlatforms) = preSolution
		Debug|Any CPU = Debug|Any CPU
		Release|Any CPU = Release|Any CPU
	EndGlobalSection
	GlobalSection(ProjectConfigurationPlatforms) = postSolution
		{1972C59E-7CF9-4401-8297-D0DF9A03536F}.Debug|Any CPU.ActiveCfg = Debug|Any CPU
		{1972C59E-7CF9-4401-8297-D0DF9A03536F}.Debug|Any CPU.Build.0 = Debug|Any CPU
		{1972C59E-7CF9-4401-8297-D0DF9A03536F}.Release|Any CPU.ActiveCfg = Release|Any CPU
		{1972C59E-7CF9-4401-8297-D0DF9A03536F}.Release|Any CPU.Build.0 = Release|Any CPU
	EndGlobalSection
	GlobalSection(SolutionProperties) = preSolution
		HideSolutionNode = FALSE
	EndGlobalSection
	GlobalSection(ExtensibilityGlobals) = postSolution
		SolutionGuid = {05B41437-526A-43E3-9610-84546A8B1884}
	EndGlobalSection
EndGlobal
